// !$*UTF8*$!
{
	archiveVersion = 1;
	classes = {
	};
	objectVersion = 55;
	objects = {

/* Begin PBXBuildFile section */
		C7816D7228838CBE002ED95E /* DetalleProducto.swift in Sources */ = {isa = PBXBuildFile; fileRef = C7816D7128838CBE002ED95E /* DetalleProducto.swift */; };
		C7816D75288395FF002ED95E /* CeldaProductoLista.swift in Sources */ = {isa = PBXBuildFile; fileRef = C7816D74288395FF002ED95E /* CeldaProductoLista.swift */; };
		C79A31D728834464005C9487 /* ProductosModel.swift in Sources */ = {isa = PBXBuildFile; fileRef = C79A31D628834464005C9487 /* ProductosModel.swift */; };
		C79A31D9288344F7005C9487 /* ProductosViewModel.swift in Sources */ = {isa = PBXBuildFile; fileRef = C79A31D8288344F7005C9487 /* ProductosViewModel.swift */; };
		C7EF5B6928833BCA00C49A83 /* Caso_practico_SwiftUIApp.swift in Sources */ = {isa = PBXBuildFile; fileRef = C7EF5B6828833BCA00C49A83 /* Caso_practico_SwiftUIApp.swift */; };
		C7EF5B6B28833BCA00C49A83 /* ContentView.swift in Sources */ = {isa = PBXBuildFile; fileRef = C7EF5B6A28833BCA00C49A83 /* ContentView.swift */; };
		C7EF5B6D28833BCB00C49A83 /* Assets.xcassets in Resources */ = {isa = PBXBuildFile; fileRef = C7EF5B6C28833BCB00C49A83 /* Assets.xcassets */; };
		C7EF5B7028833BCB00C49A83 /* Preview Assets.xcassets in Resources */ = {isa = PBXBuildFile; fileRef = C7EF5B6F28833BCB00C49A83 /* Preview Assets.xcassets */; };
		C7EF5B7728833DB900C49A83 /* ListaProductosView.swift in Sources */ = {isa = PBXBuildFile; fileRef = C7EF5B7628833DB900C49A83 /* ListaProductosView.swift */; };
/* End PBXBuildFile section */

/* Begin PBXFileReference section */
		C7816D7128838CBE002ED95E /* DetalleProducto.swift */ = {isa = PBXFileReference; lastKnownFileType = sourcecode.swift; path = DetalleProducto.swift; sourceTree = "<group>"; };
		C7816D74288395FF002ED95E /* CeldaProductoLista.swift */ = {isa = PBXFileReference; lastKnownFileType = sourcecode.swift; path = CeldaProductoLista.swift; sourceTree = "<group>"; };
		C79A31D628834464005C9487 /* ProductosModel.swift */ = {isa = PBXFileReference; lastKnownFileType = sourcecode.swift; path = ProductosModel.swift; sourceTree = "<group>"; };
		C79A31D8288344F7005C9487 /* ProductosViewModel.swift */ = {isa = PBXFileReference; lastKnownFileType = sourcecode.swift; path = ProductosViewModel.swift; sourceTree = "<group>"; };
		C79A31DA28834740005C9487 /* Caso-practico-SwiftUI-Info.plist */ = {isa = PBXFileReference; lastKnownFileType = text.plist; path = "Caso-practico-SwiftUI-Info.plist"; sourceTree = SOURCE_ROOT; };
		C7EF5B6528833BCA00C49A83 /* Caso practico SwiftUI.app */ = {isa = PBXFileReference; explicitFileType = wrapper.application; includeInIndex = 0; path = "Caso practico SwiftUI.app"; sourceTree = BUILT_PRODUCTS_DIR; };
		C7EF5B6828833BCA00C49A83 /* Caso_practico_SwiftUIApp.swift */ = {isa = PBXFileReference; lastKnownFileType = sourcecode.swift; path = Caso_practico_SwiftUIApp.swift; sourceTree = "<group>"; };
		C7EF5B6A28833BCA00C49A83 /* ContentView.swift */ = {isa = PBXFileReference; lastKnownFileType = sourcecode.swift; path = ContentView.swift; sourceTree = "<group>"; };
		C7EF5B6C28833BCB00C49A83 /* Assets.xcassets */ = {isa = PBXFileReference; lastKnownFileType = folder.assetcatalog; path = Assets.xcassets; sourceTree = "<group>"; };
		C7EF5B6F28833BCB00C49A83 /* Preview Assets.xcassets */ = {isa = PBXFileReference; lastKnownFileType = folder.assetcatalog; path = "Preview Assets.xcassets"; sourceTree = "<group>"; };
		C7EF5B7628833DB900C49A83 /* ListaProductosView.swift */ = {isa = PBXFileReference; lastKnownFileType = sourcecode.swift; path = ListaProductosView.swift; sourceTree = "<group>"; };
/* End PBXFileReference section */

/* Begin PBXFrameworksBuildPhase section */
		C7EF5B6228833BCA00C49A83 /* Frameworks */ = {
			isa = PBXFrameworksBuildPhase;
			buildActionMask = 2147483647;
			files = (
			);
			runOnlyForDeploymentPostprocessing = 0;
		};
/* End PBXFrameworksBuildPhase section */

/* Begin PBXGroup section */
		C7816D7328839568002ED95E /* Vista Celdas */ = {
			isa = PBXGroup;
			children = (
				C7816D74288395FF002ED95E /* CeldaProductoLista.swift */,
			);
			path = "Vista Celdas";
			sourceTree = "<group>";
		};
		C7816D762883C715002ED95E /* Helpers */ = {
			isa = PBXGroup;
			children = (
				C7EF5B6C28833BCB00C49A83 /* Assets.xcassets */,
			);
			path = Helpers;
			sourceTree = "<group>";
		};
		C79A31D3288343F2005C9487 /* Model */ = {
			isa = PBXGroup;
			children = (
				C79A31D628834464005C9487 /* ProductosModel.swift */,
			);
			path = Model;
			sourceTree = "<group>";
		};
		C79A31D4288343FF005C9487 /* View */ = {
			isa = PBXGroup;
			children = (
				C7EF5B6A28833BCA00C49A83 /* ContentView.swift */,
				C7EF5B7628833DB900C49A83 /* ListaProductosView.swift */,
				C7816D7128838CBE002ED95E /* DetalleProducto.swift */,
				C7816D7328839568002ED95E /* Vista Celdas */,
			);
			path = View;
			sourceTree = "<group>";
		};
		C79A31D52883440D005C9487 /* ViewModel */ = {
			isa = PBXGroup;
			children = (
				C79A31D8288344F7005C9487 /* ProductosViewModel.swift */,
			);
			path = ViewModel;
			sourceTree = "<group>";
		};
		C7EF5B5C28833BCA00C49A83 = {
			isa = PBXGroup;
			children = (
				C7EF5B6728833BCA00C49A83 /* Caso practico SwiftUI */,
				C7EF5B6628833BCA00C49A83 /* Products */,
			);
			sourceTree = "<group>";
		};
		C7EF5B6628833BCA00C49A83 /* Products */ = {
			isa = PBXGroup;
			children = (
				C7EF5B6528833BCA00C49A83 /* Caso practico SwiftUI.app */,
			);
			name = Products;
			sourceTree = "<group>";
		};
		C7EF5B6728833BCA00C49A83 /* Caso practico SwiftUI */ = {
			isa = PBXGroup;
			children = (
				C7EF5B6828833BCA00C49A83 /* Caso_practico_SwiftUIApp.swift */,
				C79A31DA28834740005C9487 /* Caso-practico-SwiftUI-Info.plist */,
				C79A31D3288343F2005C9487 /* Model */,
				C79A31D4288343FF005C9487 /* View */,
				C79A31D52883440D005C9487 /* ViewModel */,
				C7816D762883C715002ED95E /* Helpers */,
				C7EF5B6E28833BCB00C49A83 /* Preview Content */,
			);
			path = "Caso practico SwiftUI";
			sourceTree = "<group>";
		};
		C7EF5B6E28833BCB00C49A83 /* Preview Content */ = {
			isa = PBXGroup;
			children = (
				C7EF5B6F28833BCB00C49A83 /* Preview Assets.xcassets */,
			);
			path = "Preview Content";
			sourceTree = "<group>";
		};
/* End PBXGroup section */

/* Begin PBXNativeTarget section */
		C7EF5B6428833BCA00C49A83 /* Caso practico SwiftUI */ = {
			isa = PBXNativeTarget;
			buildConfigurationList = C7EF5B7328833BCB00C49A83 /* Build configuration list for PBXNativeTarget "Caso practico SwiftUI" */;
			buildPhases = (
				C7EF5B6128833BCA00C49A83 /* Sources */,
				C7EF5B6228833BCA00C49A83 /* Frameworks */,
				C7EF5B6328833BCA00C49A83 /* Resources */,
			);
			buildRules = (
			);
			dependencies = (
			);
			name = "Caso practico SwiftUI";
			productName = "Caso practico SwiftUI";
			productReference = C7EF5B6528833BCA00C49A83 /* Caso practico SwiftUI.app */;
			productType = "com.apple.product-type.application";
		};
/* End PBXNativeTarget section */

/* Begin PBXProject section */
		C7EF5B5D28833BCA00C49A83 /* Project object */ = {
			isa = PBXProject;
			attributes = {
				BuildIndependentTargetsInParallel = 1;
				LastSwiftUpdateCheck = 1330;
				LastUpgradeCheck = 1330;
				TargetAttributes = {
					C7EF5B6428833BCA00C49A83 = {
						CreatedOnToolsVersion = 13.3.1;
					};
				};
			};
			buildConfigurationList = C7EF5B6028833BCA00C49A83 /* Build configuration list for PBXProject "Caso practico SwiftUI" */;
			compatibilityVersion = "Xcode 13.0";
			developmentRegion = en;
			hasScannedForEncodings = 0;
			knownRegions = (
				en,
				Base,
			);
			mainGroup = C7EF5B5C28833BCA00C49A83;
			productRefGroup = C7EF5B6628833BCA00C49A83 /* Products */;
			projectDirPath = "";
			projectRoot = "";
			targets = (
				C7EF5B6428833BCA00C49A83 /* Caso practico SwiftUI */,
			);
		};
/* End PBXProject section */

/* Begin PBXResourcesBuildPhase section */
		C7EF5B6328833BCA00C49A83 /* Resources */ = {
			isa = PBXResourcesBuildPhase;
			buildActionMask = 2147483647;
			files = (
				C7EF5B7028833BCB00C49A83 /* Preview Assets.xcassets in Resources */,
				C7EF5B6D28833BCB00C49A83 /* Assets.xcassets in Resources */,
			);
			runOnlyForDeploymentPostprocessing = 0;
		};
/* End PBXResourcesBuildPhase section */

/* Begin PBXSourcesBuildPhase section */
		C7EF5B6128833BCA00C49A83 /* Sources */ = {
			isa = PBXSourcesBuildPhase;
			buildActionMask = 2147483647;
			files = (
				C7EF5B6B28833BCA00C49A83 /* ContentView.swift in Sources */,
				C7EF5B6928833BCA00C49A83 /* Caso_practico_SwiftUIApp.swift in Sources */,
				C7816D75288395FF002ED95E /* CeldaProductoLista.swift in Sources */,
				C7EF5B7728833DB900C49A83 /* ListaProductosView.swift in Sources */,
				C79A31D728834464005C9487 /* ProductosModel.swift in Sources */,
				C79A31D9288344F7005C9487 /* ProductosViewModel.swift in Sources */,
				C7816D7228838CBE002ED95E /* DetalleProducto.swift in Sources */,
			);
			runOnlyForDeploymentPostprocessing = 0;
		};
/* End PBXSourcesBuildPhase section */

/* Begin XCBuildConfiguration section */
		C7EF5B7128833BCB00C49A83 /* Debug */ = {
			isa = XCBuildConfiguration;
			buildSettings = {
				ALWAYS_SEARCH_USER_PATHS = NO;
				CLANG_ANALYZER_NONNULL = YES;
				CLANG_ANALYZER_NUMBER_OBJECT_CONVERSION = YES_AGGRESSIVE;
				CLANG_CXX_LANGUAGE_STANDARD = "gnu++17";
				CLANG_ENABLE_MODULES = YES;
				CLANG_ENABLE_OBJC_ARC = YES;
				CLANG_ENABLE_OBJC_WEAK = YES;
				CLANG_WARN_BLOCK_CAPTURE_AUTORELEASING = YES;
				CLANG_WARN_BOOL_CONVERSION = YES;
				CLANG_WARN_COMMA = YES;
				CLANG_WARN_CONSTANT_CONVERSION = YES;
				CLANG_WARN_DEPRECATED_OBJC_IMPLEMENTATIONS = YES;
				CLANG_WARN_DIRECT_OBJC_ISA_USAGE = YES_ERROR;
				CLANG_WARN_DOCUMENTATION_COMMENTS = YES;
				CLANG_WARN_EMPTY_BODY = YES;
				CLANG_WARN_ENUM_CONVERSION = YES;
				CLANG_WARN_INFINITE_RECURSION = YES;
				CLANG_WARN_INT_CONVERSION = YES;
				CLANG_WARN_NON_LITERAL_NULL_CONVERSION = YES;
				CLANG_WARN_OBJC_IMPLICIT_RETAIN_SELF = YES;
				CLANG_WARN_OBJC_LITERAL_CONVERSION = YES;
				CLANG_WARN_OBJC_ROOT_CLASS = YES_ERROR;
				CLANG_WARN_QUOTED_INCLUDE_IN_FRAMEWORK_HEADER = YES;
				CLANG_WARN_RANGE_LOOP_ANALYSIS = YES;
				CLANG_WARN_STRICT_PROTOTYPES = YES;
				CLANG_WARN_SUSPICIOUS_MOVE = YES;
				CLANG_WARN_UNGUARDED_AVAILABILITY = YES_AGGRESSIVE;
				CLANG_WARN_UNREACHABLE_CODE = YES;
				CLANG_WARN__DUPLICATE_METHOD_MATCH = YES;
				COPY_PHASE_STRIP = NO;
				DEBUG_INFORMATION_FORMAT = dwarf;
				ENABLE_STRICT_OBJC_MSGSEND = YES;
				ENABLE_TESTABILITY = YES;
				GCC_C_LANGUAGE_STANDARD = gnu11;
				GCC_DYNAMIC_NO_PIC = NO;
				GCC_NO_COMMON_BLOCKS = YES;
				GCC_OPTIMIZATION_LEVEL = 0;
				GCC_PREPROCESSOR_DEFINITIONS = (
					"DEBUG=1",
					"$(inherited)",
				);
				GCC_WARN_64_TO_32_BIT_CONVERSION = YES;
				GCC_WARN_ABOUT_RETURN_TYPE = YES_ERROR;
				GCC_WARN_UNDECLARED_SELECTOR = YES;
				GCC_WARN_UNINITIALIZED_AUTOS = YES_AGGRESSIVE;
				GCC_WARN_UNUSED_FUNCTION = YES;
				GCC_WARN_UNUSED_VARIABLE = YES;
				IPHONEOS_DEPLOYMENT_TARGET = 15.4;
				MTL_ENABLE_DEBUG_INFO = INCLUDE_SOURCE;
				MTL_FAST_MATH = YES;
				ONLY_ACTIVE_ARCH = YES;
				SDKROOT = iphoneos;
				SWIFT_ACTIVE_COMPILATION_CONDITIONS = DEBUG;
				SWIFT_OPTIMIZATION_LEVEL = "-Onone";
			};
			name = Debug;
		};
		C7EF5B7228833BCB00C49A83 /* Release */ = {
			isa = XCBuildConfiguration;
			buildSettings = {
				ALWAYS_SEARCH_USER_PATHS = NO;
				CLANG_ANALYZER_NONNULL = YES;
				CLANG_ANALYZER_NUMBER_OBJECT_CONVERSION = YES_AGGRESSIVE;
				CLANG_CXX_LANGUAGE_STANDARD = "gnu++17";
				CLANG_ENABLE_MODULES = YES;
				CLANG_ENABLE_OBJC_ARC = YES;
				CLANG_ENABLE_OBJC_WEAK = YES;
				CLANG_WARN_BLOCK_CAPTURE_AUTORELEASING = YES;
				CLANG_WARN_BOOL_CONVERSION = YES;
				CLANG_WARN_COMMA = YES;
				CLANG_WARN_CONSTANT_CONVERSION = YES;
				CLANG_WARN_DEPRECATED_OBJC_IMPLEMENTATIONS = YES;
				CLANG_WARN_DIRECT_OBJC_ISA_USAGE = YES_ERROR;
				CLANG_WARN_DOCUMENTATION_COMMENTS = YES;
				CLANG_WARN_EMPTY_BODY = YES;
				CLANG_WARN_ENUM_CONVERSION = YES;
				CLANG_WARN_INFINITE_RECURSION = YES;
				CLANG_WARN_INT_CONVERSION = YES;
				CLANG_WARN_NON_LITERAL_NULL_CONVERSION = YES;
				CLANG_WARN_OBJC_IMPLICIT_RETAIN_SELF = YES;
				CLANG_WARN_OBJC_LITERAL_CONVERSION = YES;
				CLANG_WARN_OBJC_ROOT_CLASS = YES_ERROR;
				CLANG_WARN_QUOTED_INCLUDE_IN_FRAMEWORK_HEADER = YES;
				CLANG_WARN_RANGE_LOOP_ANALYSIS = YES;
				CLANG_WARN_STRICT_PROTOTYPES = YES;
				CLANG_WARN_SUSPICIOUS_MOVE = YES;
				CLANG_WARN_UNGUARDED_AVAILABILITY = YES_AGGRESSIVE;
				CLANG_WARN_UNREACHABLE_CODE = YES;
				CLANG_WARN__DUPLICATE_METHOD_MATCH = YES;
				COPY_PHASE_STRIP = NO;
				DEBUG_INFORMATION_FORMAT = "dwarf-with-dsym";
				ENABLE_NS_ASSERTIONS = NO;
				ENABLE_STRICT_OBJC_MSGSEND = YES;
				GCC_C_LANGUAGE_STANDARD = gnu11;
				GCC_NO_COMMON_BLOCKS = YES;
				GCC_WARN_64_TO_32_BIT_CONVERSION = YES;
				GCC_WARN_ABOUT_RETURN_TYPE = YES_ERROR;
				GCC_WARN_UNDECLARED_SELECTOR = YES;
				GCC_WARN_UNINITIALIZED_AUTOS = YES_AGGRESSIVE;
				GCC_WARN_UNUSED_FUNCTION = YES;
				GCC_WARN_UNUSED_VARIABLE = YES;
				IPHONEOS_DEPLOYMENT_TARGET = 15.4;
				MTL_ENABLE_DEBUG_INFO = NO;
				MTL_FAST_MATH = YES;
				SDKROOT = iphoneos;
				SWIFT_COMPILATION_MODE = wholemodule;
				SWIFT_OPTIMIZATION_LEVEL = "-O";
				VALIDATE_PRODUCT = YES;
			};
			name = Release;
		};
		C7EF5B7428833BCB00C49A83 /* Debug */ = {
			isa = XCBuildConfiguration;
			buildSettings = {
				ASSETCATALOG_COMPILER_APPICON_NAME = AppIcon;
				ASSETCATALOG_COMPILER_GLOBAL_ACCENT_COLOR_NAME = AccentColor;
				CODE_SIGN_STYLE = Automatic;
				CURRENT_PROJECT_VERSION = 1;
				DEVELOPMENT_ASSET_PATHS = "\"Caso practico SwiftUI/Preview Content\"";
				DEVELOPMENT_TEAM = 9QDXF859Y3;
				ENABLE_PREVIEWS = YES;
				GENERATE_INFOPLIST_FILE = YES;
				INFOPLIST_FILE = "Caso-practico-SwiftUI-Info.plist";
				INFOPLIST_KEY_UIApplicationSceneManifest_Generation = YES;
				INFOPLIST_KEY_UIApplicationSupportsIndirectInputEvents = YES;
				INFOPLIST_KEY_UILaunchScreen_Generation = YES;
				INFOPLIST_KEY_UISupportedInterfaceOrientations_iPad = "UIInterfaceOrientationPortrait UIInterfaceOrientationPortraitUpsideDown UIInterfaceOrientationLandscapeLeft UIInterfaceOrientationLandscapeRight";
				INFOPLIST_KEY_UISupportedInterfaceOrientations_iPhone = "UIInterfaceOrientationPortrait UIInterfaceOrientationLandscapeLeft UIInterfaceOrientationLandscapeRight";
				LD_RUNPATH_SEARCH_PATHS = (
					"$(inherited)",
					"@executable_path/Frameworks",
				);
				MARKETING_VERSION = 1.0;
				PRODUCT_BUNDLE_IDENTIFIER = "betu.Caso-practico-SwiftUI";
				PRODUCT_NAME = "$(TARGET_NAME)";
				SWIFT_EMIT_LOC_STRINGS = YES;
				SWIFT_VERSION = 5.0;
				TARGETED_DEVICE_FAMILY = "1,2";
			};
			name = Debug;
		};
		C7EF5B7528833BCB00C49A83 /* Release */ = {
			isa = XCBuildConfiguration;
			buildSettings = {
				ASSETCATALOG_COMPILER_APPICON_NAME = AppIcon;
				ASSETCATALOG_COMPILER_GLOBAL_ACCENT_COLOR_NAME = AccentColor;
				CODE_SIGN_STYLE = Automatic;
				CURRENT_PROJECT_VERSION = 1;
				DEVELOPMENT_ASSET_PATHS = "\"Caso practico SwiftUI/Preview Content\"";
				DEVELOPMENT_TEAM = 9QDXF859Y3;
				ENABLE_PREVIEWS = YES;
				GENERATE_INFOPLIST_FILE = YES;
				INFOPLIST_FILE = "Caso-practico-SwiftUI-Info.plist";
				INFOPLIST_KEY_UIApplicationSceneManifest_Generation = YES;
				INFOPLIST_KEY_UIApplicationSupportsIndirectInputEvents = YES;
				INFOPLIST_KEY_UILaunchScreen_Generation = YES;
				INFOPLIST_KEY_UISupportedInterfaceOrientations_iPad = "UIInterfaceOrientationPortrait UIInterfaceOrientationPortraitUpsideDown UIInterfaceOrientationLandscapeLeft UIInterfaceOrientationLandscapeRight";
				INFOPLIST_KEY_UISupportedInterfaceOrientations_iPhone = "UIInterfaceOrientationPortrait UIInterfaceOrientationLandscapeLeft UIInterfaceOrientationLandscapeRight";
				LD_RUNPATH_SEARCH_PATHS = (
					"$(inherited)",
					"@executable_path/Frameworks",
				);
				MARKETING_VERSION = 1.0;
				PRODUCT_BUNDLE_IDENTIFIER = "betu.Caso-practico-SwiftUI";
				PRODUCT_NAME = "$(TARGET_NAME)";
				SWIFT_EMIT_LOC_STRINGS = YES;
				SWIFT_VERSION = 5.0;
				TARGETED_DEVICE_FAMILY = "1,2";
			};
			name = Release;
		};
/* End XCBuildConfiguration section */

/* Begin XCConfigurationList section */
		C7EF5B6028833BCA00C49A83 /* Build configuration list for PBXProject "Caso practico SwiftUI" */ = {
			isa = XCConfigurationList;
			buildConfigurations = (
				C7EF5B7128833BCB00C49A83 /* Debug */,
				C7EF5B7228833BCB00C49A83 /* Release */,
			);
			defaultConfigurationIsVisible = 0;
			defaultConfigurationName = Release;
		};
		C7EF5B7328833BCB00C49A83 /* Build configuration list for PBXNativeTarget "Caso practico SwiftUI" */ = {
			isa = XCConfigurationList;
			buildConfigurations = (
				C7EF5B7428833BCB00C49A83 /* Debug */,
				C7EF5B7528833BCB00C49A83 /* Release */,
			);
			defaultConfigurationIsVisible = 0;
			defaultConfigurationName = Release;
		};
/* End XCConfigurationList section */
	};
	rootObject = C7EF5B5D28833BCA00C49A83 /* Project object */;
}
